Microsoft Visual Studio Solution File, Format Version 12.00
# Visual Studio Version 17
VisualStudioVersion = 17.5.2.0
MinimumVisualStudioVersion = 10.0.40219.1
Project("{FAE04EC0-301F-11D3-BF4B-00C04F79EFBC}") = "Receive", "Receive.csproj", "{7634FFCC-ED67-EA95-9155-5E76D011C72F}"
EndProject
Global
	GlobalSection(SolutionConfigurationPlatforms) = preSolution
		Debug|Any CPU = Debug|Any CPU
		Release|Any CPU = Release|Any CPU
	EndGlobalSection
	GlobalSection(ProjectConfigurationPlatforms) = postSolution
		{7634FFCC-ED67-EA95-9155-5E76D011C72F}.Debug|Any CPU.ActiveCfg = Debug|Any CPU
		{7634FFCC-ED67-EA95-9155-5E76D011C72F}.Debug|Any CPU.Build.0 = Debug|Any CPU
		{7634FFCC-ED67-EA95-9155-5E76D011C72F}.Release|Any CPU.ActiveCfg = Release|Any CPU
		{7634FFCC-ED67-EA95-9155-5E76D011C72F}.Release|Any CPU.Build.0 = Release|Any CPU
	EndGlobalSection
	GlobalSection(SolutionProperties) = preSolution
		HideSolutionNode = FALSE
	EndGlobalSection
	GlobalSection(ExtensibilityGlobals) = postSolution
		SolutionGuid = {4E2F4D83-CE9A-4E62-8CC9-F9977DD1C1A7}
	EndGlobalSection
EndGlobal
